
Microsoft Visual Studio Solution File, Format Version 12.00
# Visual Studio 15
VisualStudioVersion = 15.0.28010.2036
MinimumVisualStudioVersion = 10.0.40219.1
Project("{FAE04EC0-301F-11D3-BF4B-00C04F79EFBC}") = "mazeGenerator-dfs", "ConsoleApp4\mazeGenerator-dfs.csproj", "{B42800FB-31F8-4052-B673-1A768056B596}"
EndProject
Global
	GlobalSection(SolutionConfigurationPlatforms) = preSolution
		Debug|Any CPU = Debug|Any CPU
		Release|Any CPU = Release|Any CPU
	EndGlobalSection
	GlobalSection(ProjectConfigurationPlatforms) = postSolution
		{B42800FB-31F8-4052-B673-1A768056B596}.Debug|Any CPU.ActiveCfg = Debug|Any CPU
		{B42800FB-31F8-4052-B673-1A768056B596}.Debug|Any CPU.Build.0 = Debug|Any CPU
		{B42800FB-31F8-4052-B673-1A768056B596}.Release|Any CPU.ActiveCfg = Release|Any CPU
		{B42800FB-31F8-4052-B673-1A768056B596}.Release|Any CPU.Build.0 = Release|Any CPU
	EndGlobalSection
	GlobalSection(SolutionProperties) = preSolution
		HideSolutionNode = FALSE
	EndGlobalSection
	GlobalSection(ExtensibilityGlobals) = postSolution
		SolutionGuid = {7BA13323-1B9B-4ACF-BA9D-02642F0DB04A}
	EndGlobalSection
EndGlobal
